<?xml version="1.0" encoding="utf-8"?>
<Project ToolsVersion="4.0" xmlns="http://schemas.microsoft.com/developer/msbuild/2003">
  <ItemGroup>
    <Filter Include="源文件">
      <UniqueIdentifier>{4FC737F1-C7A5-4376-A066-2A32D752A2FF}</UniqueIdentifier>
      <Extensions>cpp;c;cc;cxx;c++;cppm;ixx;def;odl;idl;hpj;bat;asm;asmx</Extensions>
    </Filter>
    <Filter Include="头文件">
      <UniqueIdentifier>{93995380-89BD-4b04-88EB-625FBE52EBFB}</UniqueIdentifier>
      <Extensions>h;hh;hpp;hxx;h++;hm;inl;inc;ipp;xsd</Extensions>
    </Filter>
    <Filter Include="资源文件">
      <UniqueIdentifier>{67DA6AB6-F800-4c08-8B7A-83BB121AAD01}</UniqueIdentifier>
      <Extensions>rc;ico;cur;bmp;dlg;rc2;rct;bin;rgs;gif;jpg;jpeg;jpe;resx;tiff;tif;png;wav;mfcribbon-ms</Extensions>
    </Filter>
  </ItemGroup>
  <ItemGroup>
    <ClCompile Include="01 STL.cpp">
      <Filter>源文件</Filter>
    </ClCompile>
    <ClCompile Include="02 vector.cpp">
      <Filter>源文件</Filter>
    </ClCompile>
    <ClCompile Include="03 vector容器存放自定义数据类型.cpp">
      <Filter>源文件</Filter>
    </ClCompile>
    <ClCompile Include="04 容器嵌套容器.cpp">
      <Filter>源文件</Filter>
    </ClCompile>
    <ClCompile Include="05 string.cpp">
      <Filter>源文件</Filter>
    </ClCompile>
    <ClCompile Include="06 string赋值操作.cpp">
      <Filter>源文件</Filter>
    </ClCompile>
    <ClCompile Include="07 string字符串拼接.cpp">
      <Filter>源文件</Filter>
    </ClCompile>
    <ClCompile Include="08 string查找与替换.cpp">
      <Filter>源文件</Filter>
    </ClCompile>
    <ClCompile Include="09 string字符串比较.cpp">
      <Filter>源文件</Filter>
    </ClCompile>
    <ClCompile Include="10 string字符存取.cpp">
      <Filter>源文件</Filter>
    </ClCompile>
    <ClCompile Include="11 string插入和删除.cpp">
      <Filter>源文件</Filter>
    </ClCompile>
    <ClCompile Include="12 string子串的获取.cpp">
      <Filter>源文件</Filter>
    </ClCompile>
    <ClCompile Include="13 vector容器.cpp">
      <Filter>源文件</Filter>
    </ClCompile>
    <ClCompile Include="14 vector容器赋值.cpp">
      <Filter>源文件</Filter>
    </ClCompile>
    <ClCompile Include="15 vector容量与大小.cpp">
      <Filter>源文件</Filter>
    </ClCompile>
    <ClCompile Include="16 vector插入与删除.cpp">
      <Filter>源文件</Filter>
    </ClCompile>
    <ClCompile Include="17 vector数据存取.cpp">
      <Filter>源文件</Filter>
    </ClCompile>
    <ClCompile Include="18 vector互换容器.cpp">
      <Filter>源文件</Filter>
    </ClCompile>
    <ClCompile Include="19 vector预留空间.cpp">
      <Filter>源文件</Filter>
    </ClCompile>
    <ClCompile Include="20 deque容器.cpp">
      <Filter>源文件</Filter>
    </ClCompile>
    <ClCompile Include="21 deque容器赋值操作.cpp">
      <Filter>源文件</Filter>
    </ClCompile>
    <ClCompile Include="22 deque容器大小操作.cpp">
      <Filter>源文件</Filter>
    </ClCompile>
    <ClCompile Include="23 deque插入和删除.cpp">
      <Filter>源文件</Filter>
    </ClCompile>
    <ClCompile Include="24 deque数据存取.cpp">
      <Filter>源文件</Filter>
    </ClCompile>
    <ClCompile Include="25 deque容器.cpp">
      <Filter>源文件</Filter>
    </ClCompile>
    <ClCompile Include="26 评委打分.cpp">
      <Filter>源文件</Filter>
    </ClCompile>
    <ClCompile Include="27 stack基本概念.cpp">
      <Filter>源文件</Filter>
    </ClCompile>
    <ClCompile Include="28 queue容器.cpp">
      <Filter>源文件</Filter>
    </ClCompile>
    <ClCompile Include="29 list基本概念.cpp">
      <Filter>源文件</Filter>
    </ClCompile>
    <ClCompile Include="30 list的赋值与交换.cpp">
      <Filter>源文件</Filter>
    </ClCompile>
    <ClCompile Include="31 list大小操作.cpp">
      <Filter>源文件</Filter>
    </ClCompile>
    <ClCompile Include="32 list插入与删除.cpp">
      <Filter>源文件</Filter>
    </ClCompile>
    <ClCompile Include="33 list数据存取.cpp">
      <Filter>源文件</Filter>
    </ClCompile>
    <ClCompile Include="34 list翻转与排序.cpp">
      <Filter>源文件</Filter>
    </ClCompile>
    <ClCompile Include="35 list排序案例.cpp">
      <Filter>源文件</Filter>
    </ClCompile>
    <ClCompile Include="36 set容器基本概念.cpp">
      <Filter>源文件</Filter>
    </ClCompile>
    <ClCompile Include="37 set大小和切换.cpp">
      <Filter>源文件</Filter>
    </ClCompile>
    <ClCompile Include="38 set容器的插入与删除.cpp">
      <Filter>源文件</Filter>
    </ClCompile>
    <ClCompile Include="39 set查找与统计.cpp">
      <Filter>源文件</Filter>
    </ClCompile>
    <ClCompile Include="40 set与multiset的区别.cpp">
      <Filter>源文件</Filter>
    </ClCompile>
    <ClCompile Include="41 pair对组的使用.cpp">
      <Filter>源文件</Filter>
    </ClCompile>
    <ClCompile Include="42 set容器排序.cpp">
      <Filter>源文件</Filter>
    </ClCompile>
    <ClCompile Include="43 set存放自定义数据类型并且进行排序.cpp">
      <Filter>源文件</Filter>
    </ClCompile>
    <ClCompile Include="44 map与multimap的基本概念.cpp">
      <Filter>源文件</Filter>
    </ClCompile>
    <ClCompile Include="45 map大小和交换.cpp">
      <Filter>源文件</Filter>
    </ClCompile>
    <ClCompile Include="46 map插入和删除.cpp">
      <Filter>源文件</Filter>
    </ClCompile>
    <ClCompile Include="47 map的查找与统计.cpp">
      <Filter>源文件</Filter>
    </ClCompile>
    <ClCompile Include="48 map容器排序.cpp">
      <Filter>源文件</Filter>
    </ClCompile>
    <ClCompile Include="49 STL案例2员工分组.cpp">
      <Filter>源文件</Filter>
    </ClCompile>
    <ClCompile Include="50 STL函数对象.cpp">
      <Filter>源文件</Filter>
    </ClCompile>
    <ClCompile Include="51 谓词.cpp">
      <Filter>源文件</Filter>
    </ClCompile>
    <ClCompile Include="52 二元谓词.cpp">
      <Filter>源文件</Filter>
    </ClCompile>
    <ClCompile Include="53 内建函数对象.cpp">
      <Filter>源文件</Filter>
    </ClCompile>
    <ClCompile Include="54 关系反函数.cpp">
      <Filter>源文件</Filter>
    </ClCompile>
    <ClCompile Include="55 逻辑反函数.cpp">
      <Filter>源文件</Filter>
    </ClCompile>
    <ClCompile Include="56 常用算法for each.cpp">
      <Filter>源文件</Filter>
    </ClCompile>
    <ClCompile Include="57 transform搬运算法.cpp">
      <Filter>源文件</Filter>
    </ClCompile>
    <ClCompile Include="58 常用算法查找.cpp">
      <Filter>源文件</Filter>
    </ClCompile>
    <ClCompile Include="59 常用算法findif.cpp">
      <Filter>源文件</Filter>
    </ClCompile>
    <ClCompile Include="60 常用算法adjacent_find.cpp">
      <Filter>源文件</Filter>
    </ClCompile>
    <ClCompile Include="61 常用算法binary_search.cpp">
      <Filter>源文件</Filter>
    </ClCompile>
    <ClCompile Include="62 常用算法count.cpp">
      <Filter>源文件</Filter>
    </ClCompile>
    <ClCompile Include="63 常用算法count_if.cpp">
      <Filter>源文件</Filter>
    </ClCompile>
    <ClCompile Include="64 常用排序算法sort.cpp">
      <Filter>源文件</Filter>
    </ClCompile>
    <ClCompile Include="65 常用排序算法random——shaddle.cpp">
      <Filter>源文件</Filter>
    </ClCompile>
    <ClCompile Include="66 常用排序算法merge.cpp">
      <Filter>源文件</Filter>
    </ClCompile>
    <ClCompile Include="67 常用排序算法reverse.cpp">
      <Filter>源文件</Filter>
    </ClCompile>
    <ClCompile Include="68常用拷贝和替换算法.cpp">
      <Filter>源文件</Filter>
    </ClCompile>
    <ClCompile Include="69 常用拷贝和替换算法 replace.cpp">
      <Filter>源文件</Filter>
    </ClCompile>
    <ClCompile Include="70 常用拷贝和替换 replace_if.cpp">
      <Filter>源文件</Filter>
    </ClCompile>
    <ClCompile Include="71 常用拷贝和替换swap.cpp">
      <Filter>源文件</Filter>
    </ClCompile>
    <ClCompile Include="72 常用算数算法 acculmuate.cpp">
      <Filter>源文件</Filter>
    </ClCompile>
    <ClCompile Include="73 常用算数生成算法fill.cpp">
      <Filter>源文件</Filter>
    </ClCompile>
    <ClCompile Include="74 常用算数生成算法set_intersection.cpp">
      <Filter>源文件</Filter>
    </ClCompile>
    <ClCompile Include="75 常用算数生成算法set_union.cpp">
      <Filter>源文件</Filter>
    </ClCompile>
    <ClCompile Include="76 常用算数生成算法 set_difference.cpp">
      <Filter>源文件</Filter>
    </ClCompile>
  </ItemGroup>
</Project>